
Microsoft Visual Studio Solution File, Format Version 12.00
# Visual Studio Version 17
VisualStudioVersion = 17.6.33723.286
MinimumVisualStudioVersion = 10.0.40219.1
Project("{FAE04EC0-301F-11D3-BF4B-00C04F79EFBC}") = "FiyatTakipBotu", "FiyatTakipBotu.csproj", "{D6DD3D60-C6C7-4063-ADE7-587CFB4DED1B}"
EndProject
Global
	GlobalSection(SolutionConfigurationPlatforms) = preSolution
		Debug|Any CPU = Debug|Any CPU
		Release|Any CPU = Release|Any CPU
	EndGlobalSection
	GlobalSection(ProjectConfigurationPlatforms) = postSolution
		{D6DD3D60-C6C7-4063-ADE7-587CFB4DED1B}.Debug|Any CPU.ActiveCfg = Debug|Any CPU
		{D6DD3D60-C6C7-4063-ADE7-587CFB4DED1B}.Debug|Any CPU.Build.0 = Debug|Any CPU
		{D6DD3D60-C6C7-4063-ADE7-587CFB4DED1B}.Release|Any CPU.ActiveCfg = Release|Any CPU
		{D6DD3D60-C6C7-4063-ADE7-587CFB4DED1B}.Release|Any CPU.Build.0 = Release|Any CPU
	EndGlobalSection
	GlobalSection(SolutionProperties) = preSolution
		HideSolutionNode = FALSE
	EndGlobalSection
	GlobalSection(ExtensibilityGlobals) = postSolution
		SolutionGuid = {C63B8189-81D6-416A-AF59-768C7F90E8E1}
	EndGlobalSection
EndGlobal
